// !$*UTF8*$!
{
	archiveVersion = 1;
	classes = {
	};
	objectVersion = 46;
	objects = {

/* Begin PBXBuildFile section */
		1142D80F1E8EB3A9000C7F15 /* AppDelegate.swift in Sources */ = {isa = PBXBuildFile; fileRef = 1142D80E1E8EB3A9000C7F15 /* AppDelegate.swift */; };
		1142D8111E8EB3A9000C7F15 /* ViewController.swift in Sources */ = {isa = PBXBuildFile; fileRef = 1142D8101E8EB3A9000C7F15 /* ViewController.swift */; };
		1142D8141E8EB3A9000C7F15 /* Main.storyboard in Resources */ = {isa = PBXBuildFile; fileRef = 1142D8121E8EB3A9000C7F15 /* Main.storyboard */; };
		1142D8161E8EB3A9000C7F15 /* Assets.xcassets in Resources */ = {isa = PBXBuildFile; fileRef = 1142D8151E8EB3A9000C7F15 /* Assets.xcassets */; };
		1142D8191E8EB3A9000C7F15 /* LaunchScreen.storyboard in Resources */ = {isa = PBXBuildFile; fileRef = 1142D8171E8EB3A9000C7F15 /* LaunchScreen.storyboard */; };
/* End PBXBuildFile section */

/* Begin PBXFileReference section */
		1142D80B1E8EB3A9000C7F15 /* voip-ios.app */ = {isa = PBXFileReference; explicitFileType = wrapper.application; includeInIndex = 0; path = "voip-ios.app"; sourceTree = BUILT_PRODUCTS_DIR; };
		1142D80E1E8EB3A9000C7F15 /* AppDelegate.swift */ = {isa = PBXFileReference; lastKnownFileType = sourcecode.swift; path = AppDelegate.swift; sourceTree = "<group>"; };
		1142D8101E8EB3A9000C7F15 /* ViewController.swift */ = {isa = PBXFileReference; lastKnownFileType = sourcecode.swift; path = ViewController.swift; sourceTree = "<group>"; };
		1142D8131E8EB3A9000C7F15 /* Base */ = {isa = PBXFileReference; lastKnownFileType = file.storyboard; name = Base; path = Base.lproj/Main.storyboard; sourceTree = "<group>"; };
		1142D8151E8EB3A9000C7F15 /* Assets.xcassets */ = {isa = PBXFileReference; lastKnownFileType = folder.assetcatalog; path = Assets.xcassets; sourceTree = "<group>"; };
		1142D8181E8EB3A9000C7F15 /* Base */ = {isa = PBXFileReference; lastKnownFileType = file.storyboard; name = Base; path = Base.lproj/LaunchScreen.storyboard; sourceTree = "<group>"; };
		1142D81A1E8EB3A9000C7F15 /* Info.plist */ = {isa = PBXFileReference; lastKnownFileType = text.plist.xml; path = Info.plist; sourceTree = "<group>"; };
/* End PBXFileReference section */

/* Begin PBXFrameworksBuildPhase section */
		1142D8081E8EB3A9000C7F15 /* Frameworks */ = {
			isa = PBXFrameworksBuildPhase;
			buildActionMask = 2147483647;
			files = (
			);
			runOnlyForDeploymentPostprocessing = 0;
		};
/* End PBXFrameworksBuildPhase section */

/* Begin PBXGroup section */
		1142D8021E8EB3A9000C7F15 = {
			isa = PBXGroup;
			children = (
				1142D80D1E8EB3A9000C7F15 /* voip-ios */,
				1142D80C1E8EB3A9000C7F15 /* Products */,
			);
			sourceTree = "<group>";
		};
		1142D80C1E8EB3A9000C7F15 /* Products */ = {
			isa = PBXGroup;
			children = (
				1142D80B1E8EB3A9000C7F15 /* voip-ios.app */,
			);
			name = Products;
			sourceTree = "<group>";
		};
		1142D80D1E8EB3A9000C7F15 /* voip-ios */ = {
			isa = PBXGroup;
			children = (
				1142D80E1E8EB3A9000C7F15 /* AppDelegate.swift */,
				1142D8101E8EB3A9000C7F15 /* ViewController.swift */,
				1142D8121E8EB3A9000C7F15 /* Main.storyboard */,
				1142D8151E8EB3A9000C7F15 /* Assets.xcassets */,
				1142D8171E8EB3A9000C7F15 /* LaunchScreen.storyboard */,
				1142D81A1E8EB3A9000C7F15 /* Info.plist */,
			);
			path = "voip-ios";
			sourceTree = "<group>";
		};
/* End PBXGroup section */

/* Begin PBXNativeTarget section */
		1142D80A1E8EB3A9000C7F15 /* voip-ios */ = {
			isa = PBXNativeTarget;
			buildConfigurationList = 1142D81D1E8EB3A9000C7F15 /* Build configuration list for PBXNativeTarget "voip-ios" */;
			buildPhases = (
				1142D8071E8EB3A9000C7F15 /* Sources */,
				1142D8081E8EB3A9000C7F15 /* Frameworks */,
				1142D8091E8EB3A9000C7F15 /* Resources */,
			);
			buildRules = (
			);
			dependencies = (
			);
			name = "voip-ios";
			productName = "voip-ios";
			productReference = 1142D80B1E8EB3A9000C7F15 /* voip-ios.app */;
			productType = "com.apple.product-type.application";
		};
/* End PBXNativeTarget section */

/* Begin PBXProject section */
		1142D8031E8EB3A9000C7F15 /* Project object */ = {
			isa = PBXProject;
			attributes = {
				LastSwiftUpdateCheck = 0830;
				LastUpgradeCheck = 0830;
				ORGANIZATIONNAME = "tim notfoolen";
				TargetAttributes = {
					1142D80A1E8EB3A9000C7F15 = {
						CreatedOnToolsVersion = 8.3;
						ProvisioningStyle = Automatic;
					};
				};
			};
			buildConfigurationList = 1142D8061E8EB3A9000C7F15 /* Build configuration list for PBXProject "voip-ios" */;
			compatibilityVersion = "Xcode 3.2";
			developmentRegion = English;
			hasScannedForEncodings = 0;
			knownRegions = (
				en,
				Base,
			);
			mainGroup = 1142D8021E8EB3A9000C7F15;
			productRefGroup = 1142D80C1E8EB3A9000C7F15 /* Products */;
			projectDirPath = "";
			projectRoot = "";
			targets = (
				1142D80A1E8EB3A9000C7F15 /* voip-ios */,
			);
		};
/* End PBXProject section */

/* Begin PBXResourcesBuildPhase section */
		1142D8091E8EB3A9000C7F15 /* Resources */ = {
			isa = PBXResourcesBuildPhase;
			buildActionMask = 2147483647;
			files = (
				1142D8191E8EB3A9000C7F15 /* LaunchScreen.storyboard in Resources */,
				1142D8161E8EB3A9000C7F15 /* Assets.xcassets in Resources */,
				1142D8141E8EB3A9000C7F15 /* Main.storyboard in Resources */,
			);
			runOnlyForDeploymentPostprocessing = 0;
		};
/* End PBXResourcesBuildPhase section */

/* Begin PBXSourcesBuildPhase section */
		1142D8071E8EB3A9000C7F15 /* Sources */ = {
			isa = PBXSourcesBuildPhase;
			buildActionMask = 2147483647;
			files = (
				1142D8111E8EB3A9000C7F15 /* ViewController.swift in Sources */,
				1142D80F1E8EB3A9000C7F15 /* AppDelegate.swift in Sources */,
			);
			runOnlyForDeploymentPostprocessing = 0;
		};
/* End PBXSourcesBuildPhase section */

/* Begin PBXVariantGroup section */
		1142D8121E8EB3A9000C7F15 /* Main.storyboard */ = {
			isa = PBXVariantGroup;
			children = (
				1142D8131E8EB3A9000C7F15 /* Base */,
			);
			name = Main.storyboard;
			sourceTree = "<group>";
		};
		1142D8171E8EB3A9000C7F15 /* LaunchScreen.storyboard */ = {
			isa = PBXVariantGroup;
			children = (
				1142D8181E8EB3A9000C7F15 /* Base */,
			);
			name = LaunchScreen.storyboard;
			sourceTree = "<group>";
		};
/* End PBXVariantGroup section */

/* Begin XCBuildConfiguration section */
		1142D81B1E8EB3A9000C7F15 /* Debug */ = {
			isa = XCBuildConfiguration;
			buildSettings = {
				ALWAYS_SEARCH_USER_PATHS = NO;
				CLANG_ANALYZER_NONNULL = YES;
				CLANG_ANALYZER_NUMBER_OBJECT_CONVERSION = YES_AGGRESSIVE;
				CLANG_CXX_LANGUAGE_STANDARD = "gnu++0x";
				CLANG_CXX_LIBRARY = "libc++";
				CLANG_ENABLE_MODULES = YES;
				CLANG_ENABLE_OBJC_ARC = YES;
				CLANG_WARN_BOOL_CONVERSION = YES;
				CLANG_WARN_CONSTANT_CONVERSION = YES;
				CLANG_WARN_DIRECT_OBJC_ISA_USAGE = YES_ERROR;
				CLANG_WARN_DOCUMENTATION_COMMENTS = YES;
				CLANG_WARN_EMPTY_BODY = YES;
				CLANG_WARN_ENUM_CONVERSION = YES;
				CLANG_WARN_INFINITE_RECURSION = YES;
				CLANG_WARN_INT_CONVERSION = YES;
				CLANG_WARN_OBJC_ROOT_CLASS = YES_ERROR;
				CLANG_WARN_SUSPICIOUS_MOVE = YES;
				CLANG_WARN_UNREACHABLE_CODE = YES;
				CLANG_WARN__DUPLICATE_METHOD_MATCH = YES;
				"CODE_SIGN_IDENTITY[sdk=iphoneos*]" = "iPhone Developer";
				COPY_PHASE_STRIP = NO;
				DEBUG_INFORMATION_FORMAT = dwarf;
				ENABLE_STRICT_OBJC_MSGSEND = YES;
				ENABLE_TESTABILITY = YES;
				GCC_C_LANGUAGE_STANDARD = gnu99;
				GCC_DYNAMIC_NO_PIC = NO;
				GCC_NO_COMMON_BLOCKS = YES;
				GCC_OPTIMIZATION_LEVEL = 0;
				GCC_PREPROCESSOR_DEFINITIONS = (
					"DEBUG=1",
					"$(inherited)",
				);
				GCC_WARN_64_TO_32_BIT_CONVERSION = YES;
				GCC_WARN_ABOUT_RETURN_TYPE = YES_ERROR;
				GCC_WARN_UNDECLARED_SELECTOR = YES;
				GCC_WARN_UNINITIALIZED_AUTOS = YES_AGGRESSIVE;
				GCC_WARN_UNUSED_FUNCTION = YES;
				GCC_WARN_UNUSED_VARIABLE = YES;
				IPHONEOS_DEPLOYMENT_TARGET = 10.3;
				MTL_ENABLE_DEBUG_INFO = YES;
				ONLY_ACTIVE_ARCH = YES;
				SDKROOT = iphoneos;
				SWIFT_ACTIVE_COMPILATION_CONDITIONS = DEBUG;
				SWIFT_OPTIMIZATION_LEVEL = "-Onone";
				TARGETED_DEVICE_FAMILY = "1,2";
			};
			name = Debug;
		};
		1142D81C1E8EB3A9000C7F15 /* Release */ = {
			isa = XCBuildConfiguration;
			buildSettings = {
				ALWAYS_SEARCH_USER_PATHS = NO;
				CLANG_ANALYZER_NONNULL = YES;
				CLANG_ANALYZER_NUMBER_OBJECT_CONVERSION = YES_AGGRESSIVE;
				CLANG_CXX_LANGUAGE_STANDARD = "gnu++0x";
				CLANG_CXX_LIBRARY = "libc++";
				CLANG_ENABLE_MODULES = YES;
				CLANG_ENABLE_OBJC_ARC = YES;
				CLANG_WARN_BOOL_CONVERSION = YES;
				CLANG_WARN_CONSTANT_CONVERSION = YES;
				CLANG_WARN_DIRECT_OBJC_ISA_USAGE = YES_ERROR;
				CLANG_WARN_DOCUMENTATION_COMMENTS = YES;
				CLANG_WARN_EMPTY_BODY = YES;
				CLANG_WARN_ENUM_CONVERSION = YES;
				CLANG_WARN_INFINITE_RECURSION = YES;
				CLANG_WARN_INT_CONVERSION = YES;
				CLANG_WARN_OBJC_ROOT_CLASS = YES_ERROR;
				CLANG_WARN_SUSPICIOUS_MOVE = YES;
				CLANG_WARN_UNREACHABLE_CODE = YES;
				CLANG_WARN__DUPLICATE_METHOD_MATCH = YES;
				"CODE_SIGN_IDENTITY[sdk=iphoneos*]" = "iPhone Developer";
				COPY_PHASE_STRIP = NO;
				DEBUG_INFORMATION_FORMAT = "dwarf-with-dsym";
				ENABLE_NS_ASSERTIONS = NO;
				ENABLE_STRICT_OBJC_MSGSEND = YES;
				GCC_C_LANGUAGE_STANDARD = gnu99;
				GCC_NO_COMMON_BLOCKS = YES;
				GCC_WARN_64_TO_32_BIT_CONVERSION = YES;
				GCC_WARN_ABOUT_RETURN_TYPE = YES_ERROR;
				GCC_WARN_UNDECLARED_SELECTOR = YES;
				GCC_WARN_UNINITIALIZED_AUTOS = YES_AGGRESSIVE;
				GCC_WARN_UNUSED_FUNCTION = YES;
				GCC_WARN_UNUSED_VARIABLE = YES;
				IPHONEOS_DEPLOYMENT_TARGET = 10.3;
				MTL_ENABLE_DEBUG_INFO = NO;
				SDKROOT = iphoneos;
				SWIFT_OPTIMIZATION_LEVEL = "-Owholemodule";
				TARGETED_DEVICE_FAMILY = "1,2";
				VALIDATE_PRODUCT = YES;
			};
			name = Release;
		};
		1142D81E1E8EB3A9000C7F15 /* Debug */ = {
			isa = XCBuildConfiguration;
			buildSettings = {
				ASSETCATALOG_COMPILER_APPICON_NAME = AppIcon;
				INFOPLIST_FILE = "voip-ios/Info.plist";
				LD_RUNPATH_SEARCH_PATHS = "$(inherited) @executable_path/Frameworks";
				PRODUCT_BUNDLE_IDENTIFIER = "notfoolen.voip-ios";
				PRODUCT_NAME = "$(TARGET_NAME)";
				SWIFT_VERSION = 3.0;
			};
			name = Debug;
		};
		1142D81F1E8EB3A9000C7F15 /* Release */ = {
			isa = XCBuildConfiguration;
			buildSettings = {
				ASSETCATALOG_COMPILER_APPICON_NAME = AppIcon;
				INFOPLIST_FILE = "voip-ios/Info.plist";
				LD_RUNPATH_SEARCH_PATHS = "$(inherited) @executable_path/Frameworks";
				PRODUCT_BUNDLE_IDENTIFIER = "notfoolen.voip-ios";
				PRODUCT_NAME = "$(TARGET_NAME)";
				SWIFT_VERSION = 3.0;
			};
			name = Release;
		};
/* End XCBuildConfiguration section */

/* Begin XCConfigurationList section */
		1142D8061E8EB3A9000C7F15 /* Build configuration list for PBXProject "voip-ios" */ = {
			isa = XCConfigurationList;
			buildConfigurations = (
				1142D81B1E8EB3A9000C7F15 /* Debug */,
				1142D81C1E8EB3A9000C7F15 /* Release */,
			);
			defaultConfigurationIsVisible = 0;
			defaultConfigurationName = Release;
		};
		1142D81D1E8EB3A9000C7F15 /* Build configuration list for PBXNativeTarget "voip-ios" */ = {
			isa = XCConfigurationList;
			buildConfigurations = (
				1142D81E1E8EB3A9000C7F15 /* Debug */,
				1142D81F1E8EB3A9000C7F15 /* Release */,
			);
			defaultConfigurationIsVisible = 0;
		};
/* End XCConfigurationList section */
	};
	rootObject = 1142D8031E8EB3A9000C7F15 /* Project object */;
}
